// !$*UTF8*$!
{
	archiveVersion = 1;
	classes = {
	};
	objectVersion = 52;
	objects = {

/* Begin PBXBuildFile section */
		93AFD2A597FB5EFC150BBB91 /* Pods_verifai_example.framework in Frameworks */ = {isa = PBXBuildFile; fileRef = 78E25FAB8A7DD768A50F0E56 /* Pods_verifai_example.framework */; };
		D1BAECBF20E290B600066AF7 /* DocumentDetailsTableViewController.swift in Sources */ = {isa = PBXBuildFile; fileRef = D1BAECBE20E290B600066AF7 /* DocumentDetailsTableViewController.swift */; };
		D1BC28A820E2637F003C29DE /* AppDelegate.swift in Sources */ = {isa = PBXBuildFile; fileRef = D1BC28A720E2637F003C29DE /* AppDelegate.swift */; };
		D1BC28AA20E2637F003C29DE /* MainViewController.swift in Sources */ = {isa = PBXBuildFile; fileRef = D1BC28A920E2637F003C29DE /* MainViewController.swift */; };
		D1BC28AD20E2637F003C29DE /* Main.storyboard in Resources */ = {isa = PBXBuildFile; fileRef = D1BC28AB20E2637F003C29DE /* Main.storyboard */; };
		D1BC28AF20E26380003C29DE /* Assets.xcassets in Resources */ = {isa = PBXBuildFile; fileRef = D1BC28AE20E26380003C29DE /* Assets.xcassets */; };
		D1BC28B220E26380003C29DE /* LaunchScreen.storyboard in Resources */ = {isa = PBXBuildFile; fileRef = D1BC28B020E26380003C29DE /* LaunchScreen.storyboard */; };
		E340B0A127E8B987008B3FF8 /* VerifaiCommonsKit.framework in Frameworks */ = {isa = PBXBuildFile; fileRef = E340B08A27E8B96B008B3FF8 /* VerifaiCommonsKit.framework */; };
		E340B0A227E8B987008B3FF8 /* VerifaiCommonsKit.framework in Embed Frameworks */ = {isa = PBXBuildFile; fileRef = E340B08A27E8B96B008B3FF8 /* VerifaiCommonsKit.framework */; settings = {ATTRIBUTES = (CodeSignOnCopy, RemoveHeadersOnCopy, ); }; };
		E340B0A327E8B987008B3FF8 /* VerifaiKit.framework in Frameworks */ = {isa = PBXBuildFile; fileRef = E340B08827E8B96B008B3FF8 /* VerifaiKit.framework */; };
		E340B0A427E8B987008B3FF8 /* VerifaiKit.framework in Embed Frameworks */ = {isa = PBXBuildFile; fileRef = E340B08827E8B96B008B3FF8 /* VerifaiKit.framework */; settings = {ATTRIBUTES = (CodeSignOnCopy, RemoveHeadersOnCopy, ); }; };
		E340B0A527E8B988008B3FF8 /* VerifaiLivenessKit.framework in Frameworks */ = {isa = PBXBuildFile; fileRef = E340B08E27E8B96B008B3FF8 /* VerifaiLivenessKit.framework */; };
		E340B0A627E8B988008B3FF8 /* VerifaiLivenessKit.framework in Embed Frameworks */ = {isa = PBXBuildFile; fileRef = E340B08E27E8B96B008B3FF8 /* VerifaiLivenessKit.framework */; settings = {ATTRIBUTES = (CodeSignOnCopy, RemoveHeadersOnCopy, ); }; };
		E340B0A727E8B988008B3FF8 /* VerifaiNFCKit.framework in Frameworks */ = {isa = PBXBuildFile; fileRef = E340B08C27E8B96B008B3FF8 /* VerifaiNFCKit.framework */; };
		E340B0A827E8B988008B3FF8 /* VerifaiNFCKit.framework in Embed Frameworks */ = {isa = PBXBuildFile; fileRef = E340B08C27E8B96B008B3FF8 /* VerifaiNFCKit.framework */; settings = {ATTRIBUTES = (CodeSignOnCopy, RemoveHeadersOnCopy, ); }; };
		E340B0AD27E8BB17008B3FF8 /* OpenSSL.xcframework in Frameworks */ = {isa = PBXBuildFile; fileRef = E34500E027187B87007D3C73 /* OpenSSL.xcframework */; };
		E340B0AE27E8BB17008B3FF8 /* OpenSSL.xcframework in Embed Frameworks */ = {isa = PBXBuildFile; fileRef = E34500E027187B87007D3C73 /* OpenSSL.xcframework */; settings = {ATTRIBUTES = (CodeSignOnCopy, RemoveHeadersOnCopy, ); }; };
		E3A19FA322F8538E00E8B318 /* licencefile.txt in Resources */ = {isa = PBXBuildFile; fileRef = E3A19FA222F8538E00E8B318 /* licencefile.txt */; };
		E3ABEFCB2523337000E24985 /* ScanImagesViewController.swift in Sources */ = {isa = PBXBuildFile; fileRef = E3ABEFCA2523337000E24985 /* ScanImagesViewController.swift */; };
		E3B7B7782331178600C07574 /* ChecksViewController.swift in Sources */ = {isa = PBXBuildFile; fileRef = E3B7B7742330E0B200C07574 /* ChecksViewController.swift */; };
		E3EA13EE27870AD9005408AB /* VisualInspectionTableViewController.swift in Sources */ = {isa = PBXBuildFile; fileRef = E3EA13ED27870AD9005408AB /* VisualInspectionTableViewController.swift */; };
/* End PBXBuildFile section */

/* Begin PBXContainerItemProxy section */
		E340B08727E8B96B008B3FF8 /* PBXContainerItemProxy */ = {
			isa = PBXContainerItemProxy;
			containerPortal = E340B07527E8B96B008B3FF8 /* Verifai.xcodeproj */;
			proxyType = 2;
			remoteGlobalIDString = 792F70F31DB75A4F009F1C04;
			remoteInfo = VerifaiKit;
		};
		E340B08927E8B96B008B3FF8 /* PBXContainerItemProxy */ = {
			isa = PBXContainerItemProxy;
			containerPortal = E340B07527E8B96B008B3FF8 /* Verifai.xcodeproj */;
			proxyType = 2;
			remoteGlobalIDString = D1FF7AEB2277213F009C1154;
			remoteInfo = VerifaiCommonsKit;
		};
		E340B08B27E8B96B008B3FF8 /* PBXContainerItemProxy */ = {
			isa = PBXContainerItemProxy;
			containerPortal = E340B07527E8B96B008B3FF8 /* Verifai.xcodeproj */;
			proxyType = 2;
			remoteGlobalIDString = D1148F4F2285B30300F99C56;
			remoteInfo = VerifaiNFCKit;
		};
		E340B08D27E8B96B008B3FF8 /* PBXContainerItemProxy */ = {
			isa = PBXContainerItemProxy;
			containerPortal = E340B07527E8B96B008B3FF8 /* Verifai.xcodeproj */;
			proxyType = 2;
			remoteGlobalIDString = D1FF7AD2227717E7009C1154;
			remoteInfo = VerifaiLivenessKit;
		};
		E340B08F27E8B96B008B3FF8 /* PBXContainerItemProxy */ = {
			isa = PBXContainerItemProxy;
			containerPortal = E340B07527E8B96B008B3FF8 /* Verifai.xcodeproj */;
			proxyType = 2;
			remoteGlobalIDString = E35BDA2A2304413400FC9FF2;
			remoteInfo = VerifaiManualDataCrosscheck;
		};
		E340B09127E8B96B008B3FF8 /* PBXContainerItemProxy */ = {
			isa = PBXContainerItemProxy;
			containerPortal = E340B07527E8B96B008B3FF8 /* Verifai.xcodeproj */;
			proxyType = 2;
			remoteGlobalIDString = E3F8602D230BDBD70095E8F0;
			remoteInfo = VerifaiManualSecurityFeatureCheck;
		};
		E340B09327E8B96B008B3FF8 /* PBXContainerItemProxy */ = {
			isa = PBXContainerItemProxy;
			containerPortal = E340B07527E8B96B008B3FF8 /* Verifai.xcodeproj */;
			proxyType = 2;
			remoteGlobalIDString = D13D09D0212BFCE9001D1970;
			remoteInfo = VerifaiOpenSSL;
		};
		E340B09527E8B96B008B3FF8 /* PBXContainerItemProxy */ = {
			isa = PBXContainerItemProxy;
			containerPortal = E340B07527E8B96B008B3FF8 /* Verifai.xcodeproj */;
			proxyType = 2;
			remoteGlobalIDString = D154D8332230149800581568;
			remoteInfo = VerifaiMRZSegmentation;
		};
		E340B09727E8B96B008B3FF8 /* PBXContainerItemProxy */ = {
			isa = PBXContainerItemProxy;
			containerPortal = E340B07527E8B96B008B3FF8 /* Verifai.xcodeproj */;
			proxyType = 2;
			remoteGlobalIDString = D1F1C33E22427CCC00206923;
			remoteInfo = VerifaiCardSegmentation;
		};
		E340B09927E8B96B008B3FF8 /* PBXContainerItemProxy */ = {
			isa = PBXContainerItemProxy;
			containerPortal = E340B07527E8B96B008B3FF8 /* Verifai.xcodeproj */;
			proxyType = 2;
			remoteGlobalIDString = D1090179229D55BE0070BB43;
			remoteInfo = VerifaiNFCTests;
		};
		E340B09B27E8B96B008B3FF8 /* PBXContainerItemProxy */ = {
			isa = PBXContainerItemProxy;
			containerPortal = E340B07527E8B96B008B3FF8 /* Verifai.xcodeproj */;
			proxyType = 2;
			remoteGlobalIDString = E31E999B23BF906100EF2DA7;
			remoteInfo = VerifaiTests;
		};
		E340B09D27E8B96B008B3FF8 /* PBXContainerItemProxy */ = {
			isa = PBXContainerItemProxy;
			containerPortal = E340B07527E8B96B008B3FF8 /* Verifai.xcodeproj */;
			proxyType = 2;
			remoteGlobalIDString = E3DE675D25681A03004213C8;
			remoteInfo = VerifaiAllTests;
		};
		E340B09F27E8B96B008B3FF8 /* PBXContainerItemProxy */ = {
			isa = PBXContainerItemProxy;
			containerPortal = E340B07527E8B96B008B3FF8 /* Verifai.xcodeproj */;
			proxyType = 2;
			remoteGlobalIDString = E3EF6F1626FC7C4900E3B33C;
			remoteInfo = VerifaiProcessingHubTests;
		};
/* End PBXContainerItemProxy section */

/* Begin PBXCopyFilesBuildPhase section */
		E340B0A927E8B988008B3FF8 /* Embed Frameworks */ = {
			isa = PBXCopyFilesBuildPhase;
			buildActionMask = 2147483647;
			dstPath = "";
			dstSubfolderSpec = 10;
			files = (
				E340B0AE27E8BB17008B3FF8 /* OpenSSL.xcframework in Embed Frameworks */,
				E340B0A827E8B988008B3FF8 /* VerifaiNFCKit.framework in Embed Frameworks */,
				E340B0A427E8B987008B3FF8 /* VerifaiKit.framework in Embed Frameworks */,
				E340B0A227E8B987008B3FF8 /* VerifaiCommonsKit.framework in Embed Frameworks */,
				E340B0A627E8B988008B3FF8 /* VerifaiLivenessKit.framework in Embed Frameworks */,
			);
			name = "Embed Frameworks";
			runOnlyForDeploymentPostprocessing = 0;
		};
/* End PBXCopyFilesBuildPhase section */

/* Begin PBXFileReference section */
		2D3FE8BA75AF8B8634B328B0 /* Pods-verifai-example.debug.xcconfig */ = {isa = PBXFileReference; includeInIndex = 1; lastKnownFileType = text.xcconfig; name = "Pods-verifai-example.debug.xcconfig"; path = "Target Support Files/Pods-verifai-example/Pods-verifai-example.debug.xcconfig"; sourceTree = "<group>"; };
		78E25FAB8A7DD768A50F0E56 /* Pods_verifai_example.framework */ = {isa = PBXFileReference; explicitFileType = wrapper.framework; includeInIndex = 0; path = Pods_verifai_example.framework; sourceTree = BUILT_PRODUCTS_DIR; };
		A3EF5D441383C24BCDAF5E67 /* Pods-verifai-example.release.xcconfig */ = {isa = PBXFileReference; includeInIndex = 1; lastKnownFileType = text.xcconfig; name = "Pods-verifai-example.release.xcconfig"; path = "Target Support Files/Pods-verifai-example/Pods-verifai-example.release.xcconfig"; sourceTree = "<group>"; };
		D1BAECBE20E290B600066AF7 /* DocumentDetailsTableViewController.swift */ = {isa = PBXFileReference; lastKnownFileType = sourcecode.swift; path = DocumentDetailsTableViewController.swift; sourceTree = "<group>"; };
		D1BC28A420E2637F003C29DE /* verifai-example.app */ = {isa = PBXFileReference; explicitFileType = wrapper.application; includeInIndex = 0; path = "verifai-example.app"; sourceTree = BUILT_PRODUCTS_DIR; };
		D1BC28A720E2637F003C29DE /* AppDelegate.swift */ = {isa = PBXFileReference; lastKnownFileType = sourcecode.swift; path = AppDelegate.swift; sourceTree = "<group>"; };
		D1BC28A920E2637F003C29DE /* MainViewController.swift */ = {isa = PBXFileReference; lastKnownFileType = sourcecode.swift; path = MainViewController.swift; sourceTree = "<group>"; };
		D1BC28AC20E2637F003C29DE /* Base */ = {isa = PBXFileReference; lastKnownFileType = file.storyboard; name = Base; path = Base.lproj/Main.storyboard; sourceTree = "<group>"; };
		D1BC28AE20E26380003C29DE /* Assets.xcassets */ = {isa = PBXFileReference; lastKnownFileType = folder.assetcatalog; path = Assets.xcassets; sourceTree = "<group>"; };
		D1BC28B120E26380003C29DE /* Base */ = {isa = PBXFileReference; lastKnownFileType = file.storyboard; name = Base; path = Base.lproj/LaunchScreen.storyboard; sourceTree = "<group>"; };
		D1BC28B320E26380003C29DE /* Info.plist */ = {isa = PBXFileReference; lastKnownFileType = text.plist.xml; path = Info.plist; sourceTree = "<group>"; };
		E340B07527E8B96B008B3FF8 /* Verifai.xcodeproj */ = {isa = PBXFileReference; lastKnownFileType = "wrapper.pb-project"; name = Verifai.xcodeproj; path = "../verifai-framework/Verifai.xcodeproj"; sourceTree = "<group>"; };
		E34500E027187B87007D3C73 /* OpenSSL.xcframework */ = {isa = PBXFileReference; lastKnownFileType = wrapper.xcframework; path = OpenSSL.xcframework; sourceTree = "<group>"; };
		E3A19FA222F8538E00E8B318 /* licencefile.txt */ = {isa = PBXFileReference; fileEncoding = 4; lastKnownFileType = text; name = licencefile.txt; path = "verifai-example/Resources/licencefile.txt"; sourceTree = SOURCE_ROOT; };
		E3ABEFCA2523337000E24985 /* ScanImagesViewController.swift */ = {isa = PBXFileReference; lastKnownFileType = sourcecode.swift; path = ScanImagesViewController.swift; sourceTree = "<group>"; };
		E3B7B7742330E0B200C07574 /* ChecksViewController.swift */ = {isa = PBXFileReference; lastKnownFileType = sourcecode.swift; path = ChecksViewController.swift; sourceTree = "<group>"; };
		E3B7B7762330FB5800C07574 /* verifai-example.entitlements */ = {isa = PBXFileReference; lastKnownFileType = text.plist.entitlements; path = "verifai-example.entitlements"; sourceTree = "<group>"; };
		E3DD8B7F27198BA100CC660E /* VerifaiNFCKit.xcframework */ = {isa = PBXFileReference; lastKnownFileType = wrapper.xcframework; name = VerifaiNFCKit.xcframework; path = "verifai-example/VerifaiNFCKit.xcframework"; sourceTree = "<group>"; };
		E3DD8B8027198BA100CC660E /* VerifaiKit.xcframework */ = {isa = PBXFileReference; lastKnownFileType = wrapper.xcframework; name = VerifaiKit.xcframework; path = "verifai-example/VerifaiKit.xcframework"; sourceTree = "<group>"; };
		E3DD8B8127198BA100CC660E /* VerifaiLivenessKit.xcframework */ = {isa = PBXFileReference; lastKnownFileType = wrapper.xcframework; name = VerifaiLivenessKit.xcframework; path = "verifai-example/VerifaiLivenessKit.xcframework"; sourceTree = "<group>"; };
		E3DD8B8227198BA100CC660E /* VerifaiCommonsKit.xcframework */ = {isa = PBXFileReference; lastKnownFileType = wrapper.xcframework; name = VerifaiCommonsKit.xcframework; path = "verifai-example/VerifaiCommonsKit.xcframework"; sourceTree = "<group>"; };
		E3DD8B9E2719B8C000CC660E /* OpenSSL.xcframework */ = {isa = PBXFileReference; lastKnownFileType = wrapper.xcframework; name = OpenSSL.xcframework; path = "verifai-example/OpenSSL.xcframework"; sourceTree = "<group>"; };
		E3DD8BAC2719B97300CC660E /* opencv2.xcframework */ = {isa = PBXFileReference; lastKnownFileType = wrapper.xcframework; name = opencv2.xcframework; path = "verifai-example/opencv2.xcframework"; sourceTree = "<group>"; };
		E3EA13ED27870AD9005408AB /* VisualInspectionTableViewController.swift */ = {isa = PBXFileReference; fileEncoding = 4; lastKnownFileType = sourcecode.swift; path = VisualInspectionTableViewController.swift; sourceTree = "<group>"; };
/* End PBXFileReference section */

/* Begin PBXFrameworksBuildPhase section */
		D1BC28A120E2637F003C29DE /* Frameworks */ = {
			isa = PBXFrameworksBuildPhase;
			buildActionMask = 2147483647;
			files = (
				E340B0AD27E8BB17008B3FF8 /* OpenSSL.xcframework in Frameworks */,
				93AFD2A597FB5EFC150BBB91 /* Pods_verifai_example.framework in Frameworks */,
				E340B0A327E8B987008B3FF8 /* VerifaiKit.framework in Frameworks */,
				E340B0A127E8B987008B3FF8 /* VerifaiCommonsKit.framework in Frameworks */,
				E340B0A527E8B988008B3FF8 /* VerifaiLivenessKit.framework in Frameworks */,
				E340B0A727E8B988008B3FF8 /* VerifaiNFCKit.framework in Frameworks */,
			);
			runOnlyForDeploymentPostprocessing = 0;
		};
/* End PBXFrameworksBuildPhase section */

/* Begin PBXGroup section */
		6E9A4F9D97F6B47416443A62 /* Pods */ = {
			isa = PBXGroup;
			children = (
				2D3FE8BA75AF8B8634B328B0 /* Pods-verifai-example.debug.xcconfig */,
				A3EF5D441383C24BCDAF5E67 /* Pods-verifai-example.release.xcconfig */,
			);
			path = Pods;
			sourceTree = "<group>";
		};
		D1BC289B20E2637F003C29DE = {
			isa = PBXGroup;
			children = (
				E340B07527E8B96B008B3FF8 /* Verifai.xcodeproj */,
				D1BC28A620E2637F003C29DE /* verifai-example */,
				D1BC28A520E2637F003C29DE /* Products */,
				6E9A4F9D97F6B47416443A62 /* Pods */,
				FF4BC41C6F024C5974B25A9F /* Frameworks */,
			);
			sourceTree = "<group>";
		};
		D1BC28A520E2637F003C29DE /* Products */ = {
			isa = PBXGroup;
			children = (
				D1BC28A420E2637F003C29DE /* verifai-example.app */,
			);
			name = Products;
			sourceTree = "<group>";
		};
		D1BC28A620E2637F003C29DE /* verifai-example */ = {
			isa = PBXGroup;
			children = (
				E3B7B7762330FB5800C07574 /* verifai-example.entitlements */,
				D1BC28B920E268C3003C29DE /* Resources */,
				D1BC28A720E2637F003C29DE /* AppDelegate.swift */,
				E3B7B7742330E0B200C07574 /* ChecksViewController.swift */,
				D1BC28A920E2637F003C29DE /* MainViewController.swift */,
				D1BAECBE20E290B600066AF7 /* DocumentDetailsTableViewController.swift */,
				E3ABEFCA2523337000E24985 /* ScanImagesViewController.swift */,
				E3EA13ED27870AD9005408AB /* VisualInspectionTableViewController.swift */,
				D1BC28AB20E2637F003C29DE /* Main.storyboard */,
				D1BC28AE20E26380003C29DE /* Assets.xcassets */,
				D1BC28B020E26380003C29DE /* LaunchScreen.storyboard */,
				D1BC28B320E26380003C29DE /* Info.plist */,
			);
			path = "verifai-example";
			sourceTree = "<group>";
		};
		D1BC28B920E268C3003C29DE /* Resources */ = {
			isa = PBXGroup;
			children = (
				E3A19FA222F8538E00E8B318 /* licencefile.txt */,
			);
			path = Resources;
			sourceTree = "<group>";
		};
		E340B07627E8B96B008B3FF8 /* Products */ = {
			isa = PBXGroup;
			children = (
				E340B08827E8B96B008B3FF8 /* VerifaiKit.framework */,
				E340B08A27E8B96B008B3FF8 /* VerifaiCommonsKit.framework */,
				E340B08C27E8B96B008B3FF8 /* VerifaiNFCKit.framework */,
				E340B08E27E8B96B008B3FF8 /* VerifaiLivenessKit.framework */,
				E340B09027E8B96B008B3FF8 /* VerifaiManualDataCrosscheck.framework */,
				E340B09227E8B96B008B3FF8 /* VerifaiManualSecurityFeatureCheck.framework */,
				E340B09427E8B96B008B3FF8 /* libVerifaiOpenSSL.a */,
				E340B09627E8B96B008B3FF8 /* libVerifaiMRZSegmentation.a */,
				E340B09827E8B96B008B3FF8 /* libVerifaiCardSegmentation.a */,
				E340B09A27E8B96B008B3FF8 /* VerifaiNFCTests.xctest */,
				E340B09C27E8B96B008B3FF8 /* VerifaiTests.xctest */,
				E340B09E27E8B96B008B3FF8 /* VerifaiAllTests.xctest */,
				E340B0A027E8B96B008B3FF8 /* VerifaiProcessingHubTests.xctest */,
			);
			name = Products;
			sourceTree = "<group>";
		};
		FF4BC41C6F024C5974B25A9F /* Frameworks */ = {
			isa = PBXGroup;
			children = (
				E3DD8BAC2719B97300CC660E /* opencv2.xcframework */,
				E3DD8B9E2719B8C000CC660E /* OpenSSL.xcframework */,
				E3DD8B8227198BA100CC660E /* VerifaiCommonsKit.xcframework */,
				E3DD8B8027198BA100CC660E /* VerifaiKit.xcframework */,
				E3DD8B8127198BA100CC660E /* VerifaiLivenessKit.xcframework */,
				E3DD8B7F27198BA100CC660E /* VerifaiNFCKit.xcframework */,
				E34500E027187B87007D3C73 /* OpenSSL.xcframework */,
				78E25FAB8A7DD768A50F0E56 /* Pods_verifai_example.framework */,
			);
			name = Frameworks;
			sourceTree = "<group>";
		};
/* End PBXGroup section */

/* Begin PBXNativeTarget section */
		D1BC28A320E2637F003C29DE /* verifai-example */ = {
			isa = PBXNativeTarget;
			buildConfigurationList = D1BC28B620E26380003C29DE /* Build configuration list for PBXNativeTarget "verifai-example" */;
			buildPhases = (
				DFF0BF168D76FAB0B06085F2 /* [CP] Check Pods Manifest.lock */,
				D1BC28A020E2637F003C29DE /* Sources */,
				D1BC28A120E2637F003C29DE /* Frameworks */,
				D1BC28A220E2637F003C29DE /* Resources */,
				E340B0A927E8B988008B3FF8 /* Embed Frameworks */,
			);
			buildRules = (
			);
			dependencies = (
			);
			name = "verifai-example";
			productName = "verifai-example";
			productReference = D1BC28A420E2637F003C29DE /* verifai-example.app */;
			productType = "com.apple.product-type.application";
		};
/* End PBXNativeTarget section */

/* Begin PBXProject section */
		D1BC289C20E2637F003C29DE /* Project object */ = {
			isa = PBXProject;
			attributes = {
				LastSwiftUpdateCheck = 0940;
				LastUpgradeCheck = 1310;
				ORGANIZATIONNAME = "Gert-Jan van Ginkel";
				TargetAttributes = {
					D1BC28A320E2637F003C29DE = {
						CreatedOnToolsVersion = 9.4;
						LastSwiftMigration = 1100;
					};
				};
			};
			buildConfigurationList = D1BC289F20E2637F003C29DE /* Build configuration list for PBXProject "verifai-example" */;
			compatibilityVersion = "Xcode 9.3";
			developmentRegion = en;
			hasScannedForEncodings = 0;
			knownRegions = (
				en,
				Base,
			);
			mainGroup = D1BC289B20E2637F003C29DE;
			productRefGroup = D1BC28A520E2637F003C29DE /* Products */;
			projectDirPath = "";
			projectReferences = (
				{
					ProductGroup = E340B07627E8B96B008B3FF8 /* Products */;
					ProjectRef = E340B07527E8B96B008B3FF8 /* Verifai.xcodeproj */;
				},
			);
			projectRoot = "";
			targets = (
				D1BC28A320E2637F003C29DE /* verifai-example */,
			);
		};
/* End PBXProject section */

/* Begin PBXReferenceProxy section */
		E340B08827E8B96B008B3FF8 /* VerifaiKit.framework */ = {
			isa = PBXReferenceProxy;
			fileType = wrapper.framework;
			path = VerifaiKit.framework;
			remoteRef = E340B08727E8B96B008B3FF8 /* PBXContainerItemProxy */;
			sourceTree = BUILT_PRODUCTS_DIR;
		};
		E340B08A27E8B96B008B3FF8 /* VerifaiCommonsKit.framework */ = {
			isa = PBXReferenceProxy;
			fileType = wrapper.framework;
			path = VerifaiCommonsKit.framework;
			remoteRef = E340B08927E8B96B008B3FF8 /* PBXContainerItemProxy */;
			sourceTree = BUILT_PRODUCTS_DIR;
		};
		E340B08C27E8B96B008B3FF8 /* VerifaiNFCKit.framework */ = {
			isa = PBXReferenceProxy;
			fileType = wrapper.framework;
			path = VerifaiNFCKit.framework;
			remoteRef = E340B08B27E8B96B008B3FF8 /* PBXContainerItemProxy */;
			sourceTree = BUILT_PRODUCTS_DIR;
		};
		E340B08E27E8B96B008B3FF8 /* VerifaiLivenessKit.framework */ = {
			isa = PBXReferenceProxy;
			fileType = wrapper.framework;
			path = VerifaiLivenessKit.framework;
			remoteRef = E340B08D27E8B96B008B3FF8 /* PBXContainerItemProxy */;
			sourceTree = BUILT_PRODUCTS_DIR;
		};
		E340B09027E8B96B008B3FF8 /* VerifaiManualDataCrosscheck.framework */ = {
			isa = PBXReferenceProxy;
			fileType = wrapper.framework;
			path = VerifaiManualDataCrosscheck.framework;
			remoteRef = E340B08F27E8B96B008B3FF8 /* PBXContainerItemProxy */;
			sourceTree = BUILT_PRODUCTS_DIR;
		};
		E340B09227E8B96B008B3FF8 /* VerifaiManualSecurityFeatureCheck.framework */ = {
			isa = PBXReferenceProxy;
			fileType = wrapper.framework;
			path = VerifaiManualSecurityFeatureCheck.framework;
			remoteRef = E340B09127E8B96B008B3FF8 /* PBXContainerItemProxy */;
			sourceTree = BUILT_PRODUCTS_DIR;
		};
		E340B09427E8B96B008B3FF8 /* libVerifaiOpenSSL.a */ = {
			isa = PBXReferenceProxy;
			fileType = archive.ar;
			path = libVerifaiOpenSSL.a;
			remoteRef = E340B09327E8B96B008B3FF8 /* PBXContainerItemProxy */;
			sourceTree = BUILT_PRODUCTS_DIR;
		};
		E340B09627E8B96B008B3FF8 /* libVerifaiMRZSegmentation.a */ = {
			isa = PBXReferenceProxy;
			fileType = archive.ar;
			path = libVerifaiMRZSegmentation.a;
			remoteRef = E340B09527E8B96B008B3FF8 /* PBXContainerItemProxy */;
			sourceTree = BUILT_PRODUCTS_DIR;
		};
		E340B09827E8B96B008B3FF8 /* libVerifaiCardSegmentation.a */ = {
			isa = PBXReferenceProxy;
			fileType = archive.ar;
			path = libVerifaiCardSegmentation.a;
			remoteRef = E340B09727E8B96B008B3FF8 /* PBXContainerItemProxy */;
			sourceTree = BUILT_PRODUCTS_DIR;
		};
		E340B09A27E8B96B008B3FF8 /* VerifaiNFCTests.xctest */ = {
			isa = PBXReferenceProxy;
			fileType = wrapper.cfbundle;
			path = VerifaiNFCTests.xctest;
			remoteRef = E340B09927E8B96B008B3FF8 /* PBXContainerItemProxy */;
			sourceTree = BUILT_PRODUCTS_DIR;
		};
		E340B09C27E8B96B008B3FF8 /* VerifaiTests.xctest */ = {
			isa = PBXReferenceProxy;
			fileType = wrapper.cfbundle;
			path = VerifaiTests.xctest;
			remoteRef = E340B09B27E8B96B008B3FF8 /* PBXContainerItemProxy */;
			sourceTree = BUILT_PRODUCTS_DIR;
		};
		E340B09E27E8B96B008B3FF8 /* VerifaiAllTests.xctest */ = {
			isa = PBXReferenceProxy;
			fileType = wrapper.cfbundle;
			path = VerifaiAllTests.xctest;
			remoteRef = E340B09D27E8B96B008B3FF8 /* PBXContainerItemProxy */;
			sourceTree = BUILT_PRODUCTS_DIR;
		};
		E340B0A027E8B96B008B3FF8 /* VerifaiProcessingHubTests.xctest */ = {
			isa = PBXReferenceProxy;
			fileType = wrapper.cfbundle;
			path = VerifaiProcessingHubTests.xctest;
			remoteRef = E340B09F27E8B96B008B3FF8 /* PBXContainerItemProxy */;
			sourceTree = BUILT_PRODUCTS_DIR;
		};
/* End PBXReferenceProxy section */

/* Begin PBXResourcesBuildPhase section */
		D1BC28A220E2637F003C29DE /* Resources */ = {
			isa = PBXResourcesBuildPhase;
			buildActionMask = 2147483647;
			files = (
				E3A19FA322F8538E00E8B318 /* licencefile.txt in Resources */,
				D1BC28B220E26380003C29DE /* LaunchScreen.storyboard in Resources */,
				D1BC28AF20E26380003C29DE /* Assets.xcassets in Resources */,
				D1BC28AD20E2637F003C29DE /* Main.storyboard in Resources */,
			);
			runOnlyForDeploymentPostprocessing = 0;
		};
/* End PBXResourcesBuildPhase section */

/* Begin PBXShellScriptBuildPhase section */
		DFF0BF168D76FAB0B06085F2 /* [CP] Check Pods Manifest.lock */ = {
			isa = PBXShellScriptBuildPhase;
			buildActionMask = 2147483647;
			files = (
			);
			inputFileListPaths = (
			);
			inputPaths = (
				"${PODS_PODFILE_DIR_PATH}/Podfile.lock",
				"${PODS_ROOT}/Manifest.lock",
			);
			name = "[CP] Check Pods Manifest.lock";
			outputFileListPaths = (
			);
			outputPaths = (
				"$(DERIVED_FILE_DIR)/Pods-verifai-example-checkManifestLockResult.txt",
			);
			runOnlyForDeploymentPostprocessing = 0;
			shellPath = /bin/sh;
			shellScript = "diff \"${PODS_PODFILE_DIR_PATH}/Podfile.lock\" \"${PODS_ROOT}/Manifest.lock\" > /dev/null\nif [ $? != 0 ] ; then\n    # print error to STDERR\n    echo \"error: The sandbox is not in sync with the Podfile.lock. Run 'pod install' or update your CocoaPods installation.\" >&2\n    exit 1\nfi\n# This output is used by Xcode 'outputs' to avoid re-running this script phase.\necho \"SUCCESS\" > \"${SCRIPT_OUTPUT_FILE_0}\"\n";
			showEnvVarsInLog = 0;
		};
/* End PBXShellScriptBuildPhase section */

/* Begin PBXSourcesBuildPhase section */
		D1BC28A020E2637F003C29DE /* Sources */ = {
			isa = PBXSourcesBuildPhase;
			buildActionMask = 2147483647;
			files = (
				D1BC28AA20E2637F003C29DE /* MainViewController.swift in Sources */,
				E3EA13EE27870AD9005408AB /* VisualInspectionTableViewController.swift in Sources */,
				E3B7B7782331178600C07574 /* ChecksViewController.swift in Sources */,
				E3ABEFCB2523337000E24985 /* ScanImagesViewController.swift in Sources */,
				D1BAECBF20E290B600066AF7 /* DocumentDetailsTableViewController.swift in Sources */,
				D1BC28A820E2637F003C29DE /* AppDelegate.swift in Sources */,
			);
			runOnlyForDeploymentPostprocessing = 0;
		};
/* End PBXSourcesBuildPhase section */

/* Begin PBXVariantGroup section */
		D1BC28AB20E2637F003C29DE /* Main.storyboard */ = {
			isa = PBXVariantGroup;
			children = (
				D1BC28AC20E2637F003C29DE /* Base */,
			);
			name = Main.storyboard;
			sourceTree = "<group>";
		};
		D1BC28B020E26380003C29DE /* LaunchScreen.storyboard */ = {
			isa = PBXVariantGroup;
			children = (
				D1BC28B120E26380003C29DE /* Base */,
			);
			name = LaunchScreen.storyboard;
			sourceTree = "<group>";
		};
/* End PBXVariantGroup section */

/* Begin XCBuildConfiguration section */
		D1BC28B420E26380003C29DE /* Debug */ = {
			isa = XCBuildConfiguration;
			buildSettings = {
				ALWAYS_SEARCH_USER_PATHS = NO;
				CLANG_ANALYZER_NONNULL = YES;
				CLANG_ANALYZER_NUMBER_OBJECT_CONVERSION = YES_AGGRESSIVE;
				CLANG_CXX_LANGUAGE_STANDARD = "gnu++14";
				CLANG_CXX_LIBRARY = "libc++";
				CLANG_ENABLE_MODULES = YES;
				CLANG_ENABLE_OBJC_ARC = YES;
				CLANG_ENABLE_OBJC_WEAK = YES;
				CLANG_WARN_BLOCK_CAPTURE_AUTORELEASING = YES;
				CLANG_WARN_BOOL_CONVERSION = YES;
				CLANG_WARN_COMMA = YES;
				CLANG_WARN_CONSTANT_CONVERSION = YES;
				CLANG_WARN_DEPRECATED_OBJC_IMPLEMENTATIONS = YES;
				CLANG_WARN_DIRECT_OBJC_ISA_USAGE = YES_ERROR;
				CLANG_WARN_DOCUMENTATION_COMMENTS = YES;
				CLANG_WARN_EMPTY_BODY = YES;
				CLANG_WARN_ENUM_CONVERSION = YES;
				CLANG_WARN_INFINITE_RECURSION = YES;
				CLANG_WARN_INT_CONVERSION = YES;
				CLANG_WARN_NON_LITERAL_NULL_CONVERSION = YES;
				CLANG_WARN_OBJC_IMPLICIT_RETAIN_SELF = YES;
				CLANG_WARN_OBJC_LITERAL_CONVERSION = YES;
				CLANG_WARN_OBJC_ROOT_CLASS = YES_ERROR;
				CLANG_WARN_QUOTED_INCLUDE_IN_FRAMEWORK_HEADER = YES;
				CLANG_WARN_RANGE_LOOP_ANALYSIS = YES;
				CLANG_WARN_STRICT_PROTOTYPES = YES;
				CLANG_WARN_SUSPICIOUS_MOVE = YES;
				CLANG_WARN_UNGUARDED_AVAILABILITY = YES_AGGRESSIVE;
				CLANG_WARN_UNREACHABLE_CODE = YES;
				CLANG_WARN__DUPLICATE_METHOD_MATCH = YES;
				CODE_SIGN_IDENTITY = "iPhone Developer";
				COPY_PHASE_STRIP = NO;
				DEBUG_INFORMATION_FORMAT = dwarf;
				ENABLE_STRICT_OBJC_MSGSEND = YES;
				ENABLE_TESTABILITY = YES;
				GCC_C_LANGUAGE_STANDARD = gnu11;
				GCC_DYNAMIC_NO_PIC = NO;
				GCC_NO_COMMON_BLOCKS = YES;
				GCC_OPTIMIZATION_LEVEL = 0;
				GCC_PREPROCESSOR_DEFINITIONS = (
					"DEBUG=1",
					"$(inherited)",
				);
				GCC_WARN_64_TO_32_BIT_CONVERSION = YES;
				GCC_WARN_ABOUT_RETURN_TYPE = YES_ERROR;
				GCC_WARN_UNDECLARED_SELECTOR = YES;
				GCC_WARN_UNINITIALIZED_AUTOS = YES_AGGRESSIVE;
				GCC_WARN_UNUSED_FUNCTION = YES;
				GCC_WARN_UNUSED_VARIABLE = YES;
				IPHONEOS_DEPLOYMENT_TARGET = 11.4;
				MTL_ENABLE_DEBUG_INFO = YES;
				ONLY_ACTIVE_ARCH = YES;
				SDKROOT = iphoneos;
				SWIFT_ACTIVE_COMPILATION_CONDITIONS = DEBUG;
				SWIFT_OPTIMIZATION_LEVEL = "-Onone";
			};
			name = Debug;
		};
		D1BC28B520E26380003C29DE /* Release */ = {
			isa = XCBuildConfiguration;
			buildSettings = {
				ALWAYS_SEARCH_USER_PATHS = NO;
				CLANG_ANALYZER_NONNULL = YES;
				CLANG_ANALYZER_NUMBER_OBJECT_CONVERSION = YES_AGGRESSIVE;
				CLANG_CXX_LANGUAGE_STANDARD = "gnu++14";
				CLANG_CXX_LIBRARY = "libc++";
				CLANG_ENABLE_MODULES = YES;
				CLANG_ENABLE_OBJC_ARC = YES;
				CLANG_ENABLE_OBJC_WEAK = YES;
				CLANG_WARN_BLOCK_CAPTURE_AUTORELEASING = YES;
				CLANG_WARN_BOOL_CONVERSION = YES;
				CLANG_WARN_COMMA = YES;
				CLANG_WARN_CONSTANT_CONVERSION = YES;
				CLANG_WARN_DEPRECATED_OBJC_IMPLEMENTATIONS = YES;
				CLANG_WARN_DIRECT_OBJC_ISA_USAGE = YES_ERROR;
				CLANG_WARN_DOCUMENTATION_COMMENTS = YES;
				CLANG_WARN_EMPTY_BODY = YES;
				CLANG_WARN_ENUM_CONVERSION = YES;
				CLANG_WARN_INFINITE_RECURSION = YES;
				CLANG_WARN_INT_CONVERSION = YES;
				CLANG_WARN_NON_LITERAL_NULL_CONVERSION = YES;
				CLANG_WARN_OBJC_IMPLICIT_RETAIN_SELF = YES;
				CLANG_WARN_OBJC_LITERAL_CONVERSION = YES;
				CLANG_WARN_OBJC_ROOT_CLASS = YES_ERROR;
				CLANG_WARN_QUOTED_INCLUDE_IN_FRAMEWORK_HEADER = YES;
				CLANG_WARN_RANGE_LOOP_ANALYSIS = YES;
				CLANG_WARN_STRICT_PROTOTYPES = YES;
				CLANG_WARN_SUSPICIOUS_MOVE = YES;
				CLANG_WARN_UNGUARDED_AVAILABILITY = YES_AGGRESSIVE;
				CLANG_WARN_UNREACHABLE_CODE = YES;
				CLANG_WARN__DUPLICATE_METHOD_MATCH = YES;
				CODE_SIGN_IDENTITY = "iPhone Developer";
				COPY_PHASE_STRIP = NO;
				DEBUG_INFORMATION_FORMAT = "dwarf-with-dsym";
				ENABLE_NS_ASSERTIONS = NO;
				ENABLE_STRICT_OBJC_MSGSEND = YES;
				GCC_C_LANGUAGE_STANDARD = gnu11;
				GCC_NO_COMMON_BLOCKS = YES;
				GCC_WARN_64_TO_32_BIT_CONVERSION = YES;
				GCC_WARN_ABOUT_RETURN_TYPE = YES_ERROR;
				GCC_WARN_UNDECLARED_SELECTOR = YES;
				GCC_WARN_UNINITIALIZED_AUTOS = YES_AGGRESSIVE;
				GCC_WARN_UNUSED_FUNCTION = YES;
				GCC_WARN_UNUSED_VARIABLE = YES;
				IPHONEOS_DEPLOYMENT_TARGET = 11.4;
				MTL_ENABLE_DEBUG_INFO = NO;
				SDKROOT = iphoneos;
				SWIFT_COMPILATION_MODE = wholemodule;
				SWIFT_OPTIMIZATION_LEVEL = "-O";
				VALIDATE_PRODUCT = YES;
			};
			name = Release;
		};
		D1BC28B720E26380003C29DE /* Debug */ = {
			isa = XCBuildConfiguration;
			baseConfigurationReference = 2D3FE8BA75AF8B8634B328B0 /* Pods-verifai-example.debug.xcconfig */;
			buildSettings = {
				ASSETCATALOG_COMPILER_APPICON_NAME = AppIcon;
				CODE_SIGN_ENTITLEMENTS = "verifai-example/verifai-example.entitlements";
				CODE_SIGN_IDENTITY = "iPhone Developer";
				CODE_SIGN_STYLE = Automatic;
				DEVELOPMENT_ASSET_PATHS = "";
				DEVELOPMENT_TEAM = 799N9ZYHX3;
				INFOPLIST_FILE = "verifai-example/Info.plist";
				IPHONEOS_DEPLOYMENT_TARGET = 11.0;
				LD_RUNPATH_SEARCH_PATHS = (
					"$(inherited)",
					"@executable_path/Frameworks",
				);
				PRODUCT_BUNDLE_IDENTIFIER = "nl.verifai.verifai-example";
				PRODUCT_NAME = "$(TARGET_NAME)";
				PROVISIONING_PROFILE_SPECIFIER = "";
				SWIFT_VERSION = 5.0;
				TARGETED_DEVICE_FAMILY = "1,2";
			};
			name = Debug;
		};
		D1BC28B820E26380003C29DE /* Release */ = {
			isa = XCBuildConfiguration;
			baseConfigurationReference = A3EF5D441383C24BCDAF5E67 /* Pods-verifai-example.release.xcconfig */;
			buildSettings = {
				ASSETCATALOG_COMPILER_APPICON_NAME = AppIcon;
				CODE_SIGN_ENTITLEMENTS = "verifai-example/verifai-example.entitlements";
				CODE_SIGN_IDENTITY = "iPhone Developer";
				CODE_SIGN_STYLE = Automatic;
				DEVELOPMENT_ASSET_PATHS = "";
				DEVELOPMENT_TEAM = 799N9ZYHX3;
				INFOPLIST_FILE = "verifai-example/Info.plist";
				IPHONEOS_DEPLOYMENT_TARGET = 11.0;
				LD_RUNPATH_SEARCH_PATHS = (
					"$(inherited)",
					"@executable_path/Frameworks",
				);
				PRODUCT_BUNDLE_IDENTIFIER = "nl.verifai.verifai-example";
				PRODUCT_NAME = "$(TARGET_NAME)";
				PROVISIONING_PROFILE_SPECIFIER = "";
				SWIFT_VERSION = 5.0;
				TARGETED_DEVICE_FAMILY = "1,2";
			};
			name = Release;
		};
/* End XCBuildConfiguration section */

/* Begin XCConfigurationList section */
		D1BC289F20E2637F003C29DE /* Build configuration list for PBXProject "verifai-example" */ = {
			isa = XCConfigurationList;
			buildConfigurations = (
				D1BC28B420E26380003C29DE /* Debug */,
				D1BC28B520E26380003C29DE /* Release */,
			);
			defaultConfigurationIsVisible = 0;
			defaultConfigurationName = Release;
		};
		D1BC28B620E26380003C29DE /* Build configuration list for PBXNativeTarget "verifai-example" */ = {
			isa = XCConfigurationList;
			buildConfigurations = (
				D1BC28B720E26380003C29DE /* Debug */,
				D1BC28B820E26380003C29DE /* Release */,
			);
			defaultConfigurationIsVisible = 0;
			defaultConfigurationName = Release;
		};
/* End XCConfigurationList section */
	};
	rootObject = D1BC289C20E2637F003C29DE /* Project object */;
}
